{
  "name": "advanced-presenter-track-zoning",
  "lockfileVersion": 3,
  "requires": true,
  "packages": {
    "": {
      "name": "advanced-presenter-track-zoning",
      "dependencies": {
        "@momentum-design/tokens": "^0.10.3",
        "@momentum-ui/core": "^19.16.1",
        "@momentum-ui/icons": "^8.33.0"
      }
    },
    "node_modules/@momentum-design/tokens": {
      "version": "0.10.3",
      "resolved": "https://registry.npmjs.org/@momentum-design/tokens/-/tokens-0.10.3.tgz",
      "integrity": "sha512-plE8ZR88BQGgFYaQk+hfL813ly27l1/6bOwnfbL0SZIgfpY4Y2gWx3W64vCHELA9WApi3hV4nT2ZnaHPH9jFTg=="
    },
    "node_modules/@momentum-ui/core": {
      "version": "19.16.1",
      "resolved": "https://registry.npmjs.org/@momentum-ui/core/-/core-19.16.1.tgz",
      "integrity": "sha512-DnXU7E41z8vN8rhIcP/joDv45zlR36JYUUMX4DxZ0WuWTNWxwuY5mSDOrEnOP58t1ZQDykdqhU7JTp/LDlkxKQ==",
      "license": "MIT",
      "dependencies": {
        "@momentum-ui/icons": "^8.33.0"
      }
    },
    "node_modules/@momentum-ui/icons": {
      "version": "8.33.0",
      "resolved": "https://registry.npmjs.org/@momentum-ui/icons/-/icons-8.33.0.tgz",
      "integrity": "sha512-3l3aqaCFAM0h26SvP7tXTaeQ0NDwySTrYC+PdWj54Gs46NMTu9DGza2kuhZu/L21d4xx8IAZL0ICvyBMh0V1XA==",
      "license": "MIT"
    }
  }
}
